
Microsoft Visual Studio Solution File, Format Version 10.00
# Visual Studio 2008
Project("{FAE04EC0-301F-11D3-BF4B-00C04F79EFBC}") = "TestMembership", "TestMembership\TestMembership.csproj", "{7230CCD2-16B4-46D0-9A23-07436C1E8619}"
EndProject
Project("{FAE04EC0-301F-11D3-BF4B-00C04F79EFBC}") = "CMSCore", "CMSCore\CMSCore.csproj", "{410C23C4-10BC-451B-89C6-FF44BACABFC5}"
EndProject
Project("{FAE04EC0-301F-11D3-BF4B-00C04F79EFBC}") = "CMSWeb", "CMSWeb\CMSWeb.csproj", "{3212949F-8B67-4306-91E7-1702A3293667}"
EndProject
Project("{FAE04EC0-301F-11D3-BF4B-00C04F79EFBC}") = "CMSTests", "CMSTests\CMSTests.csproj", "{98754EA1-A56D-4D02-A77C-42BB59DFCE06}"
EndProject
Global
	GlobalSection(SolutionConfigurationPlatforms) = preSolution
		Debug|Any CPU = Debug|Any CPU
		Release|Any CPU = Release|Any CPU
	EndGlobalSection
	GlobalSection(ProjectConfigurationPlatforms) = postSolution
		{3212949F-8B67-4306-91E7-1702A3293667}.Debug|Any CPU.ActiveCfg = Debug|Any CPU
		{3212949F-8B67-4306-91E7-1702A3293667}.Debug|Any CPU.Build.0 = Debug|Any CPU
		{3212949F-8B67-4306-91E7-1702A3293667}.Release|Any CPU.ActiveCfg = Release|Any CPU
		{3212949F-8B67-4306-91E7-1702A3293667}.Release|Any CPU.Build.0 = Release|Any CPU
		{410C23C4-10BC-451B-89C6-FF44BACABFC5}.Debug|Any CPU.ActiveCfg = Debug|Any CPU
		{410C23C4-10BC-451B-89C6-FF44BACABFC5}.Debug|Any CPU.Build.0 = Debug|Any CPU
		{410C23C4-10BC-451B-89C6-FF44BACABFC5}.Release|Any CPU.ActiveCfg = Release|Any CPU
		{410C23C4-10BC-451B-89C6-FF44BACABFC5}.Release|Any CPU.Build.0 = Release|Any CPU
		{7230CCD2-16B4-46D0-9A23-07436C1E8619}.Debug|Any CPU.ActiveCfg = Debug|Any CPU
		{7230CCD2-16B4-46D0-9A23-07436C1E8619}.Debug|Any CPU.Build.0 = Debug|Any CPU
		{7230CCD2-16B4-46D0-9A23-07436C1E8619}.Release|Any CPU.ActiveCfg = Release|Any CPU
		{7230CCD2-16B4-46D0-9A23-07436C1E8619}.Release|Any CPU.Build.0 = Release|Any CPU
		{98754EA1-A56D-4D02-A77C-42BB59DFCE06}.Debug|Any CPU.ActiveCfg = Debug|Any CPU
		{98754EA1-A56D-4D02-A77C-42BB59DFCE06}.Debug|Any CPU.Build.0 = Debug|Any CPU
		{98754EA1-A56D-4D02-A77C-42BB59DFCE06}.Release|Any CPU.ActiveCfg = Release|Any CPU
		{98754EA1-A56D-4D02-A77C-42BB59DFCE06}.Release|Any CPU.Build.0 = Release|Any CPU
	EndGlobalSection
	GlobalSection(MonoDevelopProperties) = preSolution
		StartupItem = CMSWeb\CMSWeb.csproj
	EndGlobalSection
EndGlobal
